
Microsoft Visual Studio Solution File, Format Version 12.00
# Visual Studio Version 17
VisualStudioVersion = 17.5.33627.172
MinimumVisualStudioVersion = 10.0.40219.1
Project("{FAE04EC0-301F-11D3-BF4B-00C04F79EFBC}") = "BetonMultiplayer", "BetonMultiplayer\BetonMultiplayer.csproj", "{3487EC62-D7C6-4051-9B31-8C61567F3A19}"
EndProject
Global
	GlobalSection(SolutionConfigurationPlatforms) = preSolution
		Debug|Any CPU = Debug|Any CPU
		Release|Any CPU = Release|Any CPU
	EndGlobalSection
	GlobalSection(ProjectConfigurationPlatforms) = postSolution
		{3487EC62-D7C6-4051-9B31-8C61567F3A19}.Debug|Any CPU.ActiveCfg = Debug|Any CPU
		{3487EC62-D7C6-4051-9B31-8C61567F3A19}.Debug|Any CPU.Build.0 = Debug|Any CPU
		{3487EC62-D7C6-4051-9B31-8C61567F3A19}.Release|Any CPU.ActiveCfg = Release|Any CPU
		{3487EC62-D7C6-4051-9B31-8C61567F3A19}.Release|Any CPU.Build.0 = Release|Any CPU
	EndGlobalSection
	GlobalSection(SolutionProperties) = preSolution
		HideSolutionNode = FALSE
	EndGlobalSection
	GlobalSection(ExtensibilityGlobals) = postSolution
		SolutionGuid = {160C7E93-8213-41C2-9FD1-9BD9AD766EEC}
	EndGlobalSection
EndGlobal
